{
  "version": 4,
  "terraform_version": "1.13.1",
  "serial": 4,
  "lineage": "8c7a51a7-a785-8f3c-0210-6ab67d560642",
  "outputs": {},
  "resources": [
    {
      "mode": "data",
      "type": "ibm_resource_group",
      "name": "group",
      "provider": "provider[\"registry.terraform.io/ibm-cloud/ibm\"]",
      "instances": [
        {
          "schema_version": 0,
          "attributes": {
            "account_id": "c3e2c98a808b4174a2d0785ca798bfdd",
            "created_at": "2024-01-05T08:40:41.278Z",
            "crn": "crn:v1:bluemix:public:resource-controller::a/c3e2c98a808b4174a2d0785ca798bfdd::resource-group:69932a6d0a9f4c619265b188ff856259",
            "id": "69932a6d0a9f4c619265b188ff856259",
            "is_default": true,
            "name": "Default",
            "payment_methods_url": null,
            "quota_id": "7ce89f4a-4381-4600-b814-3cd9a4f4bdf4",
            "quota_url": "/v2/quota_definitions/7ce89f4a-4381-4600-b814-3cd9a4f4bdf4",
            "resource_linkages": [],
            "state": "ACTIVE",
            "teams_url": null,
            "updated_at": "2024-01-05T08:40:41.278Z"
          },
          "sensitive_attributes": [],
          "identity_schema_version": 0
        }
      ]
    },
    {
      "mode": "managed",
      "type": "ibm_cr_namespace",
      "name": "cr_namespace",
      "provider": "provider[\"registry.terraform.io/ibm-cloud/ibm\"]",
      "instances": [
        {
          "schema_version": 0,
          "attributes": {
            "account": "c3e2c98a808b4174a2d0785ca798bfdd",
            "created_date": "2025-09-06 03:57:10",
            "created_on": "2025-09-06 03:57:10",
            "crn": "crn:v1:bluemix:public:container-registry:us-south:a/c3e2c98a808b4174a2d0785ca798bfdd::namespace:cr_ns_terraform_on_ibmcloud",
            "id": "cr_ns_terraform_on_ibmcloud",
            "name": "cr_ns_terraform_on_ibmcloud",
            "resource_created_date": "2025-09-06 03:57:10",
            "resource_group_id": "69932a6d0a9f4c619265b188ff856259",
            "tags": null,
            "updated_date": "2025-09-06 03:57:10",
            "updated_on": "2025-09-06 03:57:10"
          },
          "sensitive_attributes": [],
          "identity_schema_version": 0,
          "private": "bnVsbA==",
          "dependencies": [
            "data.ibm_resource_group.group"
          ]
        }
      ]
    },
    {
      "mode": "managed",
      "type": "ibm_cr_retention_policy",
      "name": "cr_retention_policy",
      "provider": "provider[\"registry.terraform.io/ibm-cloud/ibm\"]",
      "instances": [
        {
          "schema_version": 0,
          "attributes": {
            "id": "cr_ns_terraform_on_ibmcloud",
            "images_per_repo": 10,
            "namespace": "cr_ns_terraform_on_ibmcloud",
            "retain_untagged": false
          },
          "sensitive_attributes": [],
          "identity_schema_version": 0,
          "private": "bnVsbA==",
          "dependencies": [
            "data.ibm_resource_group.group",
            "ibm_cr_namespace.cr_namespace"
          ]
        }
      ]
    },
    {
      "mode": "managed",
      "type": "ibm_iam_user_policy",
      "name": "policy",
      "provider": "provider[\"registry.terraform.io/ibm-cloud/ibm\"]",
      "instances": [
        {
          "schema_version": 0,
          "attributes": {
            "account_management": false,
            "description": null,
            "ibm_id": "Ryo.Sasaki4@ibm.com",
            "id": "Ryo.Sasaki4@ibm.com/101bf261-53ce-4b7b-b3fd-6af1478454a6",
            "pattern": null,
            "resource_attributes": [],
            "resource_tags": [],
            "resources": [
              {
                "attributes": null,
                "region": "us-south",
                "resource": "cr_ns_terraform_on_ibmcloud",
                "resource_group_id": "",
                "resource_instance_id": "",
                "resource_type": "namespace",
                "service": "container-registry",
                "service_group_id": "",
                "service_type": ""
              }
            ],
            "roles": [
              "Manager"
            ],
            "rule_conditions": [],
            "rule_operator": null,
            "tags": null,
            "transaction_id": "9e6c6cf899314af5abfffd798879d078"
          },
          "sensitive_attributes": [],
          "identity_schema_version": 0,
          "private": "bnVsbA==",
          "dependencies": [
            "data.ibm_resource_group.group",
            "ibm_cr_namespace.cr_namespace"
          ]
        }
      ]
    }
  ],
  "check_results": null
}
